schema: '2.0'
stages:
  prepare:
    cmd: python3.12 src/prepare.py data/raw data/prepared
    deps:
    - path: data/raw
      hash: md5
      md5: 94dd8509e878922257fc39d7b7af6f11.dir
      size: 8829372
      nfiles: 1608
    - path: src/prepare.py
      hash: md5
      md5: d4f3312976ced5ace2cdab70239d544a
      size: 2514
    - path: src/utils/seed.py
      hash: md5
      md5: 3a792a2e3aece6c04c2756bc133a5cd1
      size: 438
    params:
      params.yaml:
        prepare:
          seed: 77
          split: 0.2
          image_size:
          - 32
          - 32
          grayscale: true
    outs:
    - path: data/prepared
      hash: md5
      md5: ed1acf503427dfd0b6e2ee12085620d8.dir
      size: 6623672
      nfiles: 8
  train:
    cmd: python3.12 src/train.py data/prepared model
    deps:
    - path: data/prepared
      hash: md5
      md5: ed1acf503427dfd0b6e2ee12085620d8.dir
      size: 6623672
      nfiles: 8
    - path: src/train.py
      hash: md5
      md5: 94653c366c27a8975e3534d0f90c2999
      size: 3857
    - path: src/utils/seed.py
      hash: md5
      md5: 3a792a2e3aece6c04c2756bc133a5cd1
      size: 438
    params:
      params.yaml:
        train:
          seed: 77
          lr: 0.001
          epochs: 20
          conv_size: 64
          dense_size: 128
          output_classes: 11
    outs:
    - path: model
      hash: md5
      md5: 872b3361540a4e9b7a9c47cc8224247c.dir
      size: 8073347
      nfiles: 2
  evaluate:
    cmd: python3.12 src/evaluate.py model data/prepared
    deps:
    - path: model
      hash: md5
      md5: 872b3361540a4e9b7a9c47cc8224247c.dir
      size: 8073347
      nfiles: 2
    - path: src/evaluate.py
      hash: md5
      md5: 527f2fc7de92407c8919b886c77635fd
      size: 5481
    outs:
    - path: evaluation/metrics.json
      hash: md5
      md5: b7b77a23c011881a99f0f0ed1007cc66
      size: 64
    - path: evaluation/plots/confusion_matrix.png
      hash: md5
      md5: f20a773b7d08fb1735172b6ba301dd33
      size: 43306
    - path: evaluation/plots/pred_preview.png
      hash: md5
      md5: 2261ff953d0f009e3595f9c7fa0981f2
      size: 47320
    - path: evaluation/plots/training_history.png
      hash: md5
      md5: 891f34b8a3fabbb2b2300a371d3e156d
      size: 39821
